
Microsoft Visual Studio Solution File, Format Version 12.00
# Visual Studio 2013
Project("{FAE04EC0-301F-11D3-BF4B-00C04F79EFBC}") = "bakanow.CSharp", "bakanow.CSharp.csproj", "{B0F50B54-D1EE-783D-8E4B-E5089344E0DD}"
EndProject
Project("{FAE04EC0-301F-11D3-BF4B-00C04F79EFBC}") = "bakanow.CSharp.Editor", "bakanow.CSharp.Editor.csproj", "{5C04D13B-1A8C-47B4-C932-99580DF3787F}"
EndProject
Global
	GlobalSection(SolutionConfigurationPlatforms) = preSolution
		Debug|Any CPU = Debug|Any CPU
		Release|Any CPU = Release|Any CPU
	EndGlobalSection
	GlobalSection(ProjectConfigurationPlatforms) = postSolution
		{B0F50B54-D1EE-783D-8E4B-E5089344E0DD}.Debug|Any CPU.ActiveCfg = Debug|Any CPU
		{B0F50B54-D1EE-783D-8E4B-E5089344E0DD}.Debug|Any CPU.Build.0 = Debug|Any CPU
		{B0F50B54-D1EE-783D-8E4B-E5089344E0DD}.Release|Any CPU.ActiveCfg = Release|Any CPU
		{B0F50B54-D1EE-783D-8E4B-E5089344E0DD}.Release|Any CPU.Build.0 = Release|Any CPU
		{5C04D13B-1A8C-47B4-C932-99580DF3787F}.Debug|Any CPU.ActiveCfg = Debug|Any CPU
		{5C04D13B-1A8C-47B4-C932-99580DF3787F}.Debug|Any CPU.Build.0 = Debug|Any CPU
		{5C04D13B-1A8C-47B4-C932-99580DF3787F}.Release|Any CPU.ActiveCfg = Release|Any CPU
		{5C04D13B-1A8C-47B4-C932-99580DF3787F}.Release|Any CPU.Build.0 = Release|Any CPU
	EndGlobalSection
	GlobalSection(SolutionProperties) = preSolution
		HideSolutionNode = FALSE
	EndGlobalSection
EndGlobal
