
Microsoft Visual Studio Solution File, Format Version 12.00
# Visual Studio 2015
Project("{FAE04EC0-301F-11D3-BF4B-00C04F79EFBC}") = "ggj17.CSharp", "ggj17.CSharp.csproj", "{749107C9-7CA3-4B00-1EDF-B679B08A076E}"
EndProject
Global
	GlobalSection(SolutionConfigurationPlatforms) = preSolution
		Debug|Any CPU = Debug|Any CPU
		Release|Any CPU = Release|Any CPU
	EndGlobalSection
	GlobalSection(ProjectConfigurationPlatforms) = postSolution
		{749107C9-7CA3-4B00-1EDF-B679B08A076E}.Debug|Any CPU.ActiveCfg = Debug|Any CPU
		{749107C9-7CA3-4B00-1EDF-B679B08A076E}.Debug|Any CPU.Build.0 = Debug|Any CPU
		{749107C9-7CA3-4B00-1EDF-B679B08A076E}.Release|Any CPU.ActiveCfg = Release|Any CPU
		{749107C9-7CA3-4B00-1EDF-B679B08A076E}.Release|Any CPU.Build.0 = Release|Any CPU
	EndGlobalSection
	GlobalSection(SolutionProperties) = preSolution
		HideSolutionNode = FALSE
	EndGlobalSection
EndGlobal
